
Microsoft Visual Studio Solution File, Format Version 12.00
# Visual Studio Version 17
VisualStudioVersion = 17.5.33502.453
MinimumVisualStudioVersion = 10.0.40219.1
Project("{FAE04EC0-301F-11D3-BF4B-00C04F79EFBC}") = "Operazioni vettore", "Operazioni vettore\Operazioni vettore.csproj", "{426BE958-81DD-4C4C-B2D1-2B99DE097BA0}"
EndProject
Global
	GlobalSection(SolutionConfigurationPlatforms) = preSolution
		Debug|Any CPU = Debug|Any CPU
		Release|Any CPU = Release|Any CPU
	EndGlobalSection
	GlobalSection(ProjectConfigurationPlatforms) = postSolution
		{426BE958-81DD-4C4C-B2D1-2B99DE097BA0}.Debug|Any CPU.ActiveCfg = Debug|Any CPU
		{426BE958-81DD-4C4C-B2D1-2B99DE097BA0}.Debug|Any CPU.Build.0 = Debug|Any CPU
		{426BE958-81DD-4C4C-B2D1-2B99DE097BA0}.Release|Any CPU.ActiveCfg = Release|Any CPU
		{426BE958-81DD-4C4C-B2D1-2B99DE097BA0}.Release|Any CPU.Build.0 = Release|Any CPU
	EndGlobalSection
	GlobalSection(SolutionProperties) = preSolution
		HideSolutionNode = FALSE
	EndGlobalSection
	GlobalSection(ExtensibilityGlobals) = postSolution
		SolutionGuid = {CF6D7265-786D-4431-8C2A-BBFB4ED84600}
	EndGlobalSection
EndGlobal
